// !$*UTF8*$!
{
	archiveVersion = 1;
	classes = {
	};
	objectVersion = 56;
	objects = {

/* Begin PBXBuildFile section */
		FA4FF9782B9C0D7F0048C6BC /* SplashView.swift in Sources */ = {isa = PBXBuildFile; fileRef = FA4FF9772B9C0D7F0048C6BC /* SplashView.swift */; };
		FACAC1952BACD7F600514637 /* User.swift in Sources */ = {isa = PBXBuildFile; fileRef = FACAC1942BACD7F600514637 /* User.swift */; };
		FAD33B392B9BA5A600F55F71 /* ClapEducationiOSApp.swift in Sources */ = {isa = PBXBuildFile; fileRef = FAD33B382B9BA5A600F55F71 /* ClapEducationiOSApp.swift */; };
		FAD33B3B2B9BA5A600F55F71 /* LoginView.swift in Sources */ = {isa = PBXBuildFile; fileRef = FAD33B3A2B9BA5A600F55F71 /* LoginView.swift */; };
		FAD33B3D2B9BA5A900F55F71 /* Assets.xcassets in Resources */ = {isa = PBXBuildFile; fileRef = FAD33B3C2B9BA5A900F55F71 /* Assets.xcassets */; };
		FAD33B402B9BA5A900F55F71 /* Preview Assets.xcassets in Resources */ = {isa = PBXBuildFile; fileRef = FAD33B3F2B9BA5A900F55F71 /* Preview Assets.xcassets */; };
		FAD33B4A2B9BA5A900F55F71 /* ClapEducationiOSTests.swift in Sources */ = {isa = PBXBuildFile; fileRef = FAD33B492B9BA5A900F55F71 /* ClapEducationiOSTests.swift */; };
		FAD33B542B9BA5A900F55F71 /* ClapEducationiOSUITests.swift in Sources */ = {isa = PBXBuildFile; fileRef = FAD33B532B9BA5A900F55F71 /* ClapEducationiOSUITests.swift */; };
		FAD33B562B9BA5A900F55F71 /* ClapEducationiOSUITestsLaunchTests.swift in Sources */ = {isa = PBXBuildFile; fileRef = FAD33B552B9BA5A900F55F71 /* ClapEducationiOSUITestsLaunchTests.swift */; };
/* End PBXBuildFile section */

/* Begin PBXContainerItemProxy section */
		FAD33B462B9BA5A900F55F71 /* PBXContainerItemProxy */ = {
			isa = PBXContainerItemProxy;
			containerPortal = FAD33B2D2B9BA5A600F55F71 /* Project object */;
			proxyType = 1;
			remoteGlobalIDString = FAD33B342B9BA5A600F55F71;
			remoteInfo = ClapEducationiOS;
		};
		FAD33B502B9BA5A900F55F71 /* PBXContainerItemProxy */ = {
			isa = PBXContainerItemProxy;
			containerPortal = FAD33B2D2B9BA5A600F55F71 /* Project object */;
			proxyType = 1;
			remoteGlobalIDString = FAD33B342B9BA5A600F55F71;
			remoteInfo = ClapEducationiOS;
		};
/* End PBXContainerItemProxy section */

/* Begin PBXFileReference section */
		FA4FF9772B9C0D7F0048C6BC /* SplashView.swift */ = {isa = PBXFileReference; lastKnownFileType = sourcecode.swift; path = SplashView.swift; sourceTree = "<group>"; };
		FACAC1942BACD7F600514637 /* User.swift */ = {isa = PBXFileReference; lastKnownFileType = sourcecode.swift; path = User.swift; sourceTree = "<group>"; };
		FAD33B352B9BA5A600F55F71 /* ClapEducationiOS.app */ = {isa = PBXFileReference; explicitFileType = wrapper.application; includeInIndex = 0; path = ClapEducationiOS.app; sourceTree = BUILT_PRODUCTS_DIR; };
		FAD33B382B9BA5A600F55F71 /* ClapEducationiOSApp.swift */ = {isa = PBXFileReference; lastKnownFileType = sourcecode.swift; path = ClapEducationiOSApp.swift; sourceTree = "<group>"; };
		FAD33B3A2B9BA5A600F55F71 /* LoginView.swift */ = {isa = PBXFileReference; lastKnownFileType = sourcecode.swift; path = LoginView.swift; sourceTree = "<group>"; };
		FAD33B3C2B9BA5A900F55F71 /* Assets.xcassets */ = {isa = PBXFileReference; lastKnownFileType = folder.assetcatalog; path = Assets.xcassets; sourceTree = "<group>"; };
		FAD33B3F2B9BA5A900F55F71 /* Preview Assets.xcassets */ = {isa = PBXFileReference; lastKnownFileType = folder.assetcatalog; path = "Preview Assets.xcassets"; sourceTree = "<group>"; };
		FAD33B452B9BA5A900F55F71 /* ClapEducationiOSTests.xctest */ = {isa = PBXFileReference; explicitFileType = wrapper.cfbundle; includeInIndex = 0; path = ClapEducationiOSTests.xctest; sourceTree = BUILT_PRODUCTS_DIR; };
		FAD33B492B9BA5A900F55F71 /* ClapEducationiOSTests.swift */ = {isa = PBXFileReference; lastKnownFileType = sourcecode.swift; path = ClapEducationiOSTests.swift; sourceTree = "<group>"; };
		FAD33B4F2B9BA5A900F55F71 /* ClapEducationiOSUITests.xctest */ = {isa = PBXFileReference; explicitFileType = wrapper.cfbundle; includeInIndex = 0; path = ClapEducationiOSUITests.xctest; sourceTree = BUILT_PRODUCTS_DIR; };
		FAD33B532B9BA5A900F55F71 /* ClapEducationiOSUITests.swift */ = {isa = PBXFileReference; lastKnownFileType = sourcecode.swift; path = ClapEducationiOSUITests.swift; sourceTree = "<group>"; };
		FAD33B552B9BA5A900F55F71 /* ClapEducationiOSUITestsLaunchTests.swift */ = {isa = PBXFileReference; lastKnownFileType = sourcecode.swift; path = ClapEducationiOSUITestsLaunchTests.swift; sourceTree = "<group>"; };
/* End PBXFileReference section */

/* Begin PBXFrameworksBuildPhase section */
		FAD33B322B9BA5A600F55F71 /* Frameworks */ = {
			isa = PBXFrameworksBuildPhase;
			buildActionMask = 2147483647;
			files = (
			);
			runOnlyForDeploymentPostprocessing = 0;
		};
		FAD33B422B9BA5A900F55F71 /* Frameworks */ = {
			isa = PBXFrameworksBuildPhase;
			buildActionMask = 2147483647;
			files = (
			);
			runOnlyForDeploymentPostprocessing = 0;
		};
		FAD33B4C2B9BA5A900F55F71 /* Frameworks */ = {
			isa = PBXFrameworksBuildPhase;
			buildActionMask = 2147483647;
			files = (
			);
			runOnlyForDeploymentPostprocessing = 0;
		};
/* End PBXFrameworksBuildPhase section */

/* Begin PBXGroup section */
		FA4FF9792B9C0E260048C6BC /* Views */ = {
			isa = PBXGroup;
			children = (
				FAD33B3A2B9BA5A600F55F71 /* LoginView.swift */,
				FA4FF9772B9C0D7F0048C6BC /* SplashView.swift */,
			);
			path = Views;
			sourceTree = "<group>";
		};
		FACAC1932BACD7E300514637 /* Models */ = {
			isa = PBXGroup;
			children = (
				FACAC1942BACD7F600514637 /* User.swift */,
			);
			path = Models;
			sourceTree = "<group>";
		};
		FAD33B2C2B9BA5A600F55F71 = {
			isa = PBXGroup;
			children = (
				FAD33B372B9BA5A600F55F71 /* ClapEducationiOS */,
				FAD33B482B9BA5A900F55F71 /* ClapEducationiOSTests */,
				FAD33B522B9BA5A900F55F71 /* ClapEducationiOSUITests */,
				FAD33B362B9BA5A600F55F71 /* Products */,
			);
			sourceTree = "<group>";
		};
		FAD33B362B9BA5A600F55F71 /* Products */ = {
			isa = PBXGroup;
			children = (
				FAD33B352B9BA5A600F55F71 /* ClapEducationiOS.app */,
				FAD33B452B9BA5A900F55F71 /* ClapEducationiOSTests.xctest */,
				FAD33B4F2B9BA5A900F55F71 /* ClapEducationiOSUITests.xctest */,
			);
			name = Products;
			sourceTree = "<group>";
		};
		FAD33B372B9BA5A600F55F71 /* ClapEducationiOS */ = {
			isa = PBXGroup;
			children = (
				FACAC1932BACD7E300514637 /* Models */,
				FA4FF9792B9C0E260048C6BC /* Views */,
				FAD33B382B9BA5A600F55F71 /* ClapEducationiOSApp.swift */,
				FAD33B3C2B9BA5A900F55F71 /* Assets.xcassets */,
				FAD33B3E2B9BA5A900F55F71 /* Preview Content */,
			);
			path = ClapEducationiOS;
			sourceTree = "<group>";
		};
		FAD33B3E2B9BA5A900F55F71 /* Preview Content */ = {
			isa = PBXGroup;
			children = (
				FAD33B3F2B9BA5A900F55F71 /* Preview Assets.xcassets */,
			);
			path = "Preview Content";
			sourceTree = "<group>";
		};
		FAD33B482B9BA5A900F55F71 /* ClapEducationiOSTests */ = {
			isa = PBXGroup;
			children = (
				FAD33B492B9BA5A900F55F71 /* ClapEducationiOSTests.swift */,
			);
			path = ClapEducationiOSTests;
			sourceTree = "<group>";
		};
		FAD33B522B9BA5A900F55F71 /* ClapEducationiOSUITests */ = {
			isa = PBXGroup;
			children = (
				FAD33B532B9BA5A900F55F71 /* ClapEducationiOSUITests.swift */,
				FAD33B552B9BA5A900F55F71 /* ClapEducationiOSUITestsLaunchTests.swift */,
			);
			path = ClapEducationiOSUITests;
			sourceTree = "<group>";
		};
/* End PBXGroup section */

/* Begin PBXNativeTarget section */
		FAD33B342B9BA5A600F55F71 /* ClapEducationiOS */ = {
			isa = PBXNativeTarget;
			buildConfigurationList = FAD33B592B9BA5A900F55F71 /* Build configuration list for PBXNativeTarget "ClapEducationiOS" */;
			buildPhases = (
				FAD33B312B9BA5A600F55F71 /* Sources */,
				FAD33B322B9BA5A600F55F71 /* Frameworks */,
				FAD33B332B9BA5A600F55F71 /* Resources */,
			);
			buildRules = (
			);
			dependencies = (
			);
			name = ClapEducationiOS;
			productName = ClapEducationiOS;
			productReference = FAD33B352B9BA5A600F55F71 /* ClapEducationiOS.app */;
			productType = "com.apple.product-type.application";
		};
		FAD33B442B9BA5A900F55F71 /* ClapEducationiOSTests */ = {
			isa = PBXNativeTarget;
			buildConfigurationList = FAD33B5C2B9BA5A900F55F71 /* Build configuration list for PBXNativeTarget "ClapEducationiOSTests" */;
			buildPhases = (
				FAD33B412B9BA5A900F55F71 /* Sources */,
				FAD33B422B9BA5A900F55F71 /* Frameworks */,
				FAD33B432B9BA5A900F55F71 /* Resources */,
			);
			buildRules = (
			);
			dependencies = (
				FAD33B472B9BA5A900F55F71 /* PBXTargetDependency */,
			);
			name = ClapEducationiOSTests;
			productName = ClapEducationiOSTests;
			productReference = FAD33B452B9BA5A900F55F71 /* ClapEducationiOSTests.xctest */;
			productType = "com.apple.product-type.bundle.unit-test";
		};
		FAD33B4E2B9BA5A900F55F71 /* ClapEducationiOSUITests */ = {
			isa = PBXNativeTarget;
			buildConfigurationList = FAD33B5F2B9BA5A900F55F71 /* Build configuration list for PBXNativeTarget "ClapEducationiOSUITests" */;
			buildPhases = (
				FAD33B4B2B9BA5A900F55F71 /* Sources */,
				FAD33B4C2B9BA5A900F55F71 /* Frameworks */,
				FAD33B4D2B9BA5A900F55F71 /* Resources */,
			);
			buildRules = (
			);
			dependencies = (
				FAD33B512B9BA5A900F55F71 /* PBXTargetDependency */,
			);
			name = ClapEducationiOSUITests;
			productName = ClapEducationiOSUITests;
			productReference = FAD33B4F2B9BA5A900F55F71 /* ClapEducationiOSUITests.xctest */;
			productType = "com.apple.product-type.bundle.ui-testing";
		};
/* End PBXNativeTarget section */

/* Begin PBXProject section */
		FAD33B2D2B9BA5A600F55F71 /* Project object */ = {
			isa = PBXProject;
			attributes = {
				BuildIndependentTargetsInParallel = 1;
				LastSwiftUpdateCheck = 1520;
				LastUpgradeCheck = 1520;
				TargetAttributes = {
					FAD33B342B9BA5A600F55F71 = {
						CreatedOnToolsVersion = 15.2;
					};
					FAD33B442B9BA5A900F55F71 = {
						CreatedOnToolsVersion = 15.2;
						TestTargetID = FAD33B342B9BA5A600F55F71;
					};
					FAD33B4E2B9BA5A900F55F71 = {
						CreatedOnToolsVersion = 15.2;
						TestTargetID = FAD33B342B9BA5A600F55F71;
					};
				};
			};
			buildConfigurationList = FAD33B302B9BA5A600F55F71 /* Build configuration list for PBXProject "ClapEducationiOS" */;
			compatibilityVersion = "Xcode 14.0";
			developmentRegion = en;
			hasScannedForEncodings = 0;
			knownRegions = (
				en,
				Base,
			);
			mainGroup = FAD33B2C2B9BA5A600F55F71;
			productRefGroup = FAD33B362B9BA5A600F55F71 /* Products */;
			projectDirPath = "";
			projectRoot = "";
			targets = (
				FAD33B342B9BA5A600F55F71 /* ClapEducationiOS */,
				FAD33B442B9BA5A900F55F71 /* ClapEducationiOSTests */,
				FAD33B4E2B9BA5A900F55F71 /* ClapEducationiOSUITests */,
			);
		};
/* End PBXProject section */

/* Begin PBXResourcesBuildPhase section */
		FAD33B332B9BA5A600F55F71 /* Resources */ = {
			isa = PBXResourcesBuildPhase;
			buildActionMask = 2147483647;
			files = (
				FAD33B402B9BA5A900F55F71 /* Preview Assets.xcassets in Resources */,
				FAD33B3D2B9BA5A900F55F71 /* Assets.xcassets in Resources */,
			);
			runOnlyForDeploymentPostprocessing = 0;
		};
		FAD33B432B9BA5A900F55F71 /* Resources */ = {
			isa = PBXResourcesBuildPhase;
			buildActionMask = 2147483647;
			files = (
			);
			runOnlyForDeploymentPostprocessing = 0;
		};
		FAD33B4D2B9BA5A900F55F71 /* Resources */ = {
			isa = PBXResourcesBuildPhase;
			buildActionMask = 2147483647;
			files = (
			);
			runOnlyForDeploymentPostprocessing = 0;
		};
/* End PBXResourcesBuildPhase section */

/* Begin PBXSourcesBuildPhase section */
		FAD33B312B9BA5A600F55F71 /* Sources */ = {
			isa = PBXSourcesBuildPhase;
			buildActionMask = 2147483647;
			files = (
				FACAC1952BACD7F600514637 /* User.swift in Sources */,
				FAD33B3B2B9BA5A600F55F71 /* LoginView.swift in Sources */,
				FAD33B392B9BA5A600F55F71 /* ClapEducationiOSApp.swift in Sources */,
				FA4FF9782B9C0D7F0048C6BC /* SplashView.swift in Sources */,
			);
			runOnlyForDeploymentPostprocessing = 0;
		};
		FAD33B412B9BA5A900F55F71 /* Sources */ = {
			isa = PBXSourcesBuildPhase;
			buildActionMask = 2147483647;
			files = (
				FAD33B4A2B9BA5A900F55F71 /* ClapEducationiOSTests.swift in Sources */,
			);
			runOnlyForDeploymentPostprocessing = 0;
		};
		FAD33B4B2B9BA5A900F55F71 /* Sources */ = {
			isa = PBXSourcesBuildPhase;
			buildActionMask = 2147483647;
			files = (
				FAD33B542B9BA5A900F55F71 /* ClapEducationiOSUITests.swift in Sources */,
				FAD33B562B9BA5A900F55F71 /* ClapEducationiOSUITestsLaunchTests.swift in Sources */,
			);
			runOnlyForDeploymentPostprocessing = 0;
		};
/* End PBXSourcesBuildPhase section */

/* Begin PBXTargetDependency section */
		FAD33B472B9BA5A900F55F71 /* PBXTargetDependency */ = {
			isa = PBXTargetDependency;
			target = FAD33B342B9BA5A600F55F71 /* ClapEducationiOS */;
			targetProxy = FAD33B462B9BA5A900F55F71 /* PBXContainerItemProxy */;
		};
		FAD33B512B9BA5A900F55F71 /* PBXTargetDependency */ = {
			isa = PBXTargetDependency;
			target = FAD33B342B9BA5A600F55F71 /* ClapEducationiOS */;
			targetProxy = FAD33B502B9BA5A900F55F71 /* PBXContainerItemProxy */;
		};
/* End PBXTargetDependency section */

/* Begin XCBuildConfiguration section */
		FAD33B572B9BA5A900F55F71 /* Debug */ = {
			isa = XCBuildConfiguration;
			buildSettings = {
				ALWAYS_SEARCH_USER_PATHS = NO;
				ASSETCATALOG_COMPILER_GENERATE_SWIFT_ASSET_SYMBOL_EXTENSIONS = YES;
				CLANG_ANALYZER_NONNULL = YES;
				CLANG_ANALYZER_NUMBER_OBJECT_CONVERSION = YES_AGGRESSIVE;
				CLANG_CXX_LANGUAGE_STANDARD = "gnu++20";
				CLANG_ENABLE_MODULES = YES;
				CLANG_ENABLE_OBJC_ARC = YES;
				CLANG_ENABLE_OBJC_WEAK = YES;
				CLANG_WARN_BLOCK_CAPTURE_AUTORELEASING = YES;
				CLANG_WARN_BOOL_CONVERSION = YES;
				CLANG_WARN_COMMA = YES;
				CLANG_WARN_CONSTANT_CONVERSION = YES;
				CLANG_WARN_DEPRECATED_OBJC_IMPLEMENTATIONS = YES;
				CLANG_WARN_DIRECT_OBJC_ISA_USAGE = YES_ERROR;
				CLANG_WARN_DOCUMENTATION_COMMENTS = YES;
				CLANG_WARN_EMPTY_BODY = YES;
				CLANG_WARN_ENUM_CONVERSION = YES;
				CLANG_WARN_INFINITE_RECURSION = YES;
				CLANG_WARN_INT_CONVERSION = YES;
				CLANG_WARN_NON_LITERAL_NULL_CONVERSION = YES;
				CLANG_WARN_OBJC_IMPLICIT_RETAIN_SELF = YES;
				CLANG_WARN_OBJC_LITERAL_CONVERSION = YES;
				CLANG_WARN_OBJC_ROOT_CLASS = YES_ERROR;
				CLANG_WARN_QUOTED_INCLUDE_IN_FRAMEWORK_HEADER = YES;
				CLANG_WARN_RANGE_LOOP_ANALYSIS = YES;
				CLANG_WARN_STRICT_PROTOTYPES = YES;
				CLANG_WARN_SUSPICIOUS_MOVE = YES;
				CLANG_WARN_UNGUARDED_AVAILABILITY = YES_AGGRESSIVE;
				CLANG_WARN_UNREACHABLE_CODE = YES;
				CLANG_WARN__DUPLICATE_METHOD_MATCH = YES;
				COPY_PHASE_STRIP = NO;
				DEBUG_INFORMATION_FORMAT = dwarf;
				ENABLE_STRICT_OBJC_MSGSEND = YES;
				ENABLE_TESTABILITY = YES;
				ENABLE_USER_SCRIPT_SANDBOXING = YES;
				GCC_C_LANGUAGE_STANDARD = gnu17;
				GCC_DYNAMIC_NO_PIC = NO;
				GCC_NO_COMMON_BLOCKS = YES;
				GCC_OPTIMIZATION_LEVEL = 0;
				GCC_PREPROCESSOR_DEFINITIONS = (
					"DEBUG=1",
					"$(inherited)",
				);
				GCC_WARN_64_TO_32_BIT_CONVERSION = YES;
				GCC_WARN_ABOUT_RETURN_TYPE = YES_ERROR;
				GCC_WARN_UNDECLARED_SELECTOR = YES;
				GCC_WARN_UNINITIALIZED_AUTOS = YES_AGGRESSIVE;
				GCC_WARN_UNUSED_FUNCTION = YES;
				GCC_WARN_UNUSED_VARIABLE = YES;
				IPHONEOS_DEPLOYMENT_TARGET = 17.2;
				LOCALIZATION_PREFERS_STRING_CATALOGS = YES;
				MTL_ENABLE_DEBUG_INFO = INCLUDE_SOURCE;
				MTL_FAST_MATH = YES;
				ONLY_ACTIVE_ARCH = YES;
				SDKROOT = iphoneos;
				SWIFT_ACTIVE_COMPILATION_CONDITIONS = "DEBUG $(inherited)";
				SWIFT_OPTIMIZATION_LEVEL = "-Onone";
			};
			name = Debug;
		};
		FAD33B582B9BA5A900F55F71 /* Release */ = {
			isa = XCBuildConfiguration;
			buildSettings = {
				ALWAYS_SEARCH_USER_PATHS = NO;
				ASSETCATALOG_COMPILER_GENERATE_SWIFT_ASSET_SYMBOL_EXTENSIONS = YES;
				CLANG_ANALYZER_NONNULL = YES;
				CLANG_ANALYZER_NUMBER_OBJECT_CONVERSION = YES_AGGRESSIVE;
				CLANG_CXX_LANGUAGE_STANDARD = "gnu++20";
				CLANG_ENABLE_MODULES = YES;
				CLANG_ENABLE_OBJC_ARC = YES;
				CLANG_ENABLE_OBJC_WEAK = YES;
				CLANG_WARN_BLOCK_CAPTURE_AUTORELEASING = YES;
				CLANG_WARN_BOOL_CONVERSION = YES;
				CLANG_WARN_COMMA = YES;
				CLANG_WARN_CONSTANT_CONVERSION = YES;
				CLANG_WARN_DEPRECATED_OBJC_IMPLEMENTATIONS = YES;
				CLANG_WARN_DIRECT_OBJC_ISA_USAGE = YES_ERROR;
				CLANG_WARN_DOCUMENTATION_COMMENTS = YES;
				CLANG_WARN_EMPTY_BODY = YES;
				CLANG_WARN_ENUM_CONVERSION = YES;
				CLANG_WARN_INFINITE_RECURSION = YES;
				CLANG_WARN_INT_CONVERSION = YES;
				CLANG_WARN_NON_LITERAL_NULL_CONVERSION = YES;
				CLANG_WARN_OBJC_IMPLICIT_RETAIN_SELF = YES;
				CLANG_WARN_OBJC_LITERAL_CONVERSION = YES;
				CLANG_WARN_OBJC_ROOT_CLASS = YES_ERROR;
				CLANG_WARN_QUOTED_INCLUDE_IN_FRAMEWORK_HEADER = YES;
				CLANG_WARN_RANGE_LOOP_ANALYSIS = YES;
				CLANG_WARN_STRICT_PROTOTYPES = YES;
				CLANG_WARN_SUSPICIOUS_MOVE = YES;
				CLANG_WARN_UNGUARDED_AVAILABILITY = YES_AGGRESSIVE;
				CLANG_WARN_UNREACHABLE_CODE = YES;
				CLANG_WARN__DUPLICATE_METHOD_MATCH = YES;
				COPY_PHASE_STRIP = NO;
				DEBUG_INFORMATION_FORMAT = "dwarf-with-dsym";
				ENABLE_NS_ASSERTIONS = NO;
				ENABLE_STRICT_OBJC_MSGSEND = YES;
				ENABLE_USER_SCRIPT_SANDBOXING = YES;
				GCC_C_LANGUAGE_STANDARD = gnu17;
				GCC_NO_COMMON_BLOCKS = YES;
				GCC_WARN_64_TO_32_BIT_CONVERSION = YES;
				GCC_WARN_ABOUT_RETURN_TYPE = YES_ERROR;
				GCC_WARN_UNDECLARED_SELECTOR = YES;
				GCC_WARN_UNINITIALIZED_AUTOS = YES_AGGRESSIVE;
				GCC_WARN_UNUSED_FUNCTION = YES;
				GCC_WARN_UNUSED_VARIABLE = YES;
				IPHONEOS_DEPLOYMENT_TARGET = 17.2;
				LOCALIZATION_PREFERS_STRING_CATALOGS = YES;
				MTL_ENABLE_DEBUG_INFO = NO;
				MTL_FAST_MATH = YES;
				SDKROOT = iphoneos;
				SWIFT_COMPILATION_MODE = wholemodule;
				VALIDATE_PRODUCT = YES;
			};
			name = Release;
		};
		FAD33B5A2B9BA5A900F55F71 /* Debug */ = {
			isa = XCBuildConfiguration;
			buildSettings = {
				ASSETCATALOG_COMPILER_APPICON_NAME = AppIcon;
				ASSETCATALOG_COMPILER_GLOBAL_ACCENT_COLOR_NAME = AccentColor;
				CODE_SIGN_STYLE = Automatic;
				CURRENT_PROJECT_VERSION = 1;
				DEVELOPMENT_ASSET_PATHS = "\"ClapEducationiOS/Preview Content\"";
				ENABLE_PREVIEWS = YES;
				GENERATE_INFOPLIST_FILE = YES;
				INFOPLIST_KEY_LSApplicationCategoryType = "public.app-category.education";
				INFOPLIST_KEY_UIApplicationSceneManifest_Generation = YES;
				INFOPLIST_KEY_UIApplicationSupportsIndirectInputEvents = YES;
				INFOPLIST_KEY_UILaunchScreen_Generation = YES;
				INFOPLIST_KEY_UISupportedInterfaceOrientations_iPad = "UIInterfaceOrientationPortrait UIInterfaceOrientationPortraitUpsideDown UIInterfaceOrientationLandscapeLeft UIInterfaceOrientationLandscapeRight";
				INFOPLIST_KEY_UISupportedInterfaceOrientations_iPhone = "UIInterfaceOrientationPortrait UIInterfaceOrientationLandscapeLeft UIInterfaceOrientationLandscapeRight";
				LD_RUNPATH_SEARCH_PATHS = (
					"$(inherited)",
					"@executable_path/Frameworks",
				);
				MARKETING_VERSION = 1.0;
				PRODUCT_BUNDLE_IDENTIFIER = ClapEducation.ClapEducationiOS;
				PRODUCT_NAME = "$(TARGET_NAME)";
				SUPPORTED_PLATFORMS = "iphoneos iphonesimulator";
				SUPPORTS_MACCATALYST = NO;
				SUPPORTS_MAC_DESIGNED_FOR_IPHONE_IPAD = NO;
				SUPPORTS_XR_DESIGNED_FOR_IPHONE_IPAD = NO;
				SWIFT_EMIT_LOC_STRINGS = YES;
				SWIFT_VERSION = 5.0;
				TARGETED_DEVICE_FAMILY = 1;
			};
			name = Debug;
		};
		FAD33B5B2B9BA5A900F55F71 /* Release */ = {
			isa = XCBuildConfiguration;
			buildSettings = {
				ASSETCATALOG_COMPILER_APPICON_NAME = AppIcon;
				ASSETCATALOG_COMPILER_GLOBAL_ACCENT_COLOR_NAME = AccentColor;
				CODE_SIGN_STYLE = Automatic;
				CURRENT_PROJECT_VERSION = 1;
				DEVELOPMENT_ASSET_PATHS = "\"ClapEducationiOS/Preview Content\"";
				ENABLE_PREVIEWS = YES;
				GENERATE_INFOPLIST_FILE = YES;
				INFOPLIST_KEY_LSApplicationCategoryType = "public.app-category.education";
				INFOPLIST_KEY_UIApplicationSceneManifest_Generation = YES;
				INFOPLIST_KEY_UIApplicationSupportsIndirectInputEvents = YES;
				INFOPLIST_KEY_UILaunchScreen_Generation = YES;
				INFOPLIST_KEY_UISupportedInterfaceOrientations_iPad = "UIInterfaceOrientationPortrait UIInterfaceOrientationPortraitUpsideDown UIInterfaceOrientationLandscapeLeft UIInterfaceOrientationLandscapeRight";
				INFOPLIST_KEY_UISupportedInterfaceOrientations_iPhone = "UIInterfaceOrientationPortrait UIInterfaceOrientationLandscapeLeft UIInterfaceOrientationLandscapeRight";
				LD_RUNPATH_SEARCH_PATHS = (
					"$(inherited)",
					"@executable_path/Frameworks",
				);
				MARKETING_VERSION = 1.0;
				PRODUCT_BUNDLE_IDENTIFIER = ClapEducation.ClapEducationiOS;
				PRODUCT_NAME = "$(TARGET_NAME)";
				SUPPORTED_PLATFORMS = "iphoneos iphonesimulator";
				SUPPORTS_MACCATALYST = NO;
				SUPPORTS_MAC_DESIGNED_FOR_IPHONE_IPAD = NO;
				SUPPORTS_XR_DESIGNED_FOR_IPHONE_IPAD = NO;
				SWIFT_EMIT_LOC_STRINGS = YES;
				SWIFT_VERSION = 5.0;
				TARGETED_DEVICE_FAMILY = 1;
			};
			name = Release;
		};
		FAD33B5D2B9BA5A900F55F71 /* Debug */ = {
			isa = XCBuildConfiguration;
			buildSettings = {
				ALWAYS_EMBED_SWIFT_STANDARD_LIBRARIES = YES;
				BUNDLE_LOADER = "$(TEST_HOST)";
				CODE_SIGN_STYLE = Automatic;
				CURRENT_PROJECT_VERSION = 1;
				GENERATE_INFOPLIST_FILE = YES;
				IPHONEOS_DEPLOYMENT_TARGET = 17.2;
				MARKETING_VERSION = 1.0;
				PRODUCT_BUNDLE_IDENTIFIER = ClapEducation.ClapEducationiOSTests;
				PRODUCT_NAME = "$(TARGET_NAME)";
				SWIFT_EMIT_LOC_STRINGS = NO;
				SWIFT_VERSION = 5.0;
				TARGETED_DEVICE_FAMILY = "1,2";
				TEST_HOST = "$(BUILT_PRODUCTS_DIR)/ClapEducationiOS.app/$(BUNDLE_EXECUTABLE_FOLDER_PATH)/ClapEducationiOS";
			};
			name = Debug;
		};
		FAD33B5E2B9BA5A900F55F71 /* Release */ = {
			isa = XCBuildConfiguration;
			buildSettings = {
				ALWAYS_EMBED_SWIFT_STANDARD_LIBRARIES = YES;
				BUNDLE_LOADER = "$(TEST_HOST)";
				CODE_SIGN_STYLE = Automatic;
				CURRENT_PROJECT_VERSION = 1;
				GENERATE_INFOPLIST_FILE = YES;
				IPHONEOS_DEPLOYMENT_TARGET = 17.2;
				MARKETING_VERSION = 1.0;
				PRODUCT_BUNDLE_IDENTIFIER = ClapEducation.ClapEducationiOSTests;
				PRODUCT_NAME = "$(TARGET_NAME)";
				SWIFT_EMIT_LOC_STRINGS = NO;
				SWIFT_VERSION = 5.0;
				TARGETED_DEVICE_FAMILY = "1,2";
				TEST_HOST = "$(BUILT_PRODUCTS_DIR)/ClapEducationiOS.app/$(BUNDLE_EXECUTABLE_FOLDER_PATH)/ClapEducationiOS";
			};
			name = Release;
		};
		FAD33B602B9BA5A900F55F71 /* Debug */ = {
			isa = XCBuildConfiguration;
			buildSettings = {
				ALWAYS_EMBED_SWIFT_STANDARD_LIBRARIES = YES;
				CODE_SIGN_STYLE = Automatic;
				CURRENT_PROJECT_VERSION = 1;
				GENERATE_INFOPLIST_FILE = YES;
				MARKETING_VERSION = 1.0;
				PRODUCT_BUNDLE_IDENTIFIER = ClapEducation.ClapEducationiOSUITests;
				PRODUCT_NAME = "$(TARGET_NAME)";
				SWIFT_EMIT_LOC_STRINGS = NO;
				SWIFT_VERSION = 5.0;
				TARGETED_DEVICE_FAMILY = "1,2";
				TEST_TARGET_NAME = ClapEducationiOS;
			};
			name = Debug;
		};
		FAD33B612B9BA5A900F55F71 /* Release */ = {
			isa = XCBuildConfiguration;
			buildSettings = {
				ALWAYS_EMBED_SWIFT_STANDARD_LIBRARIES = YES;
				CODE_SIGN_STYLE = Automatic;
				CURRENT_PROJECT_VERSION = 1;
				GENERATE_INFOPLIST_FILE = YES;
				MARKETING_VERSION = 1.0;
				PRODUCT_BUNDLE_IDENTIFIER = ClapEducation.ClapEducationiOSUITests;
				PRODUCT_NAME = "$(TARGET_NAME)";
				SWIFT_EMIT_LOC_STRINGS = NO;
				SWIFT_VERSION = 5.0;
				TARGETED_DEVICE_FAMILY = "1,2";
				TEST_TARGET_NAME = ClapEducationiOS;
			};
			name = Release;
		};
/* End XCBuildConfiguration section */

/* Begin XCConfigurationList section */
		FAD33B302B9BA5A600F55F71 /* Build configuration list for PBXProject "ClapEducationiOS" */ = {
			isa = XCConfigurationList;
			buildConfigurations = (
				FAD33B572B9BA5A900F55F71 /* Debug */,
				FAD33B582B9BA5A900F55F71 /* Release */,
			);
			defaultConfigurationIsVisible = 0;
			defaultConfigurationName = Release;
		};
		FAD33B592B9BA5A900F55F71 /* Build configuration list for PBXNativeTarget "ClapEducationiOS" */ = {
			isa = XCConfigurationList;
			buildConfigurations = (
				FAD33B5A2B9BA5A900F55F71 /* Debug */,
				FAD33B5B2B9BA5A900F55F71 /* Release */,
			);
			defaultConfigurationIsVisible = 0;
			defaultConfigurationName = Release;
		};
		FAD33B5C2B9BA5A900F55F71 /* Build configuration list for PBXNativeTarget "ClapEducationiOSTests" */ = {
			isa = XCConfigurationList;
			buildConfigurations = (
				FAD33B5D2B9BA5A900F55F71 /* Debug */,
				FAD33B5E2B9BA5A900F55F71 /* Release */,
			);
			defaultConfigurationIsVisible = 0;
			defaultConfigurationName = Release;
		};
		FAD33B5F2B9BA5A900F55F71 /* Build configuration list for PBXNativeTarget "ClapEducationiOSUITests" */ = {
			isa = XCConfigurationList;
			buildConfigurations = (
				FAD33B602B9BA5A900F55F71 /* Debug */,
				FAD33B612B9BA5A900F55F71 /* Release */,
			);
			defaultConfigurationIsVisible = 0;
			defaultConfigurationName = Release;
		};
/* End XCConfigurationList section */
	};
	rootObject = FAD33B2D2B9BA5A600F55F71 /* Project object */;
}
